// !$*UTF8*$!
{
	archiveVersion = 1;
	classes = {
	};
	objectVersion = 52;
	objects = {

/* Begin PBXBuildFile section */
		378705E6BC1A724D6488DB9E /* Pods_Flixster.framework in Frameworks */ = {isa = PBXBuildFile; fileRef = C3E0D7568A603110ECFCFE2A /* Pods_Flixster.framework */; };
		DA33431726A4979300A9EFF6 /* MovieDetailsViewController.swift in Sources */ = {isa = PBXBuildFile; fileRef = DA33431626A4979300A9EFF6 /* MovieDetailsViewController.swift */; };
		DA33431B26A4AF9300A9EFF6 /* MovieGridCell.swift in Sources */ = {isa = PBXBuildFile; fileRef = DA33431A26A4AF9300A9EFF6 /* MovieGridCell.swift */; };
		DA33431D26A4C1B200A9EFF6 /* MovieGridViewController.swift in Sources */ = {isa = PBXBuildFile; fileRef = DA33431C26A4C1B200A9EFF6 /* MovieGridViewController.swift */; };
		DAFD4F11269786690027CC44 /* AppDelegate.swift in Sources */ = {isa = PBXBuildFile; fileRef = DAFD4F10269786690027CC44 /* AppDelegate.swift */; };
		DAFD4F13269786690027CC44 /* SceneDelegate.swift in Sources */ = {isa = PBXBuildFile; fileRef = DAFD4F12269786690027CC44 /* SceneDelegate.swift */; };
		DAFD4F15269786690027CC44 /* ViewController.swift in Sources */ = {isa = PBXBuildFile; fileRef = DAFD4F14269786690027CC44 /* ViewController.swift */; };
		DAFD4F18269786690027CC44 /* Main.storyboard in Resources */ = {isa = PBXBuildFile; fileRef = DAFD4F16269786690027CC44 /* Main.storyboard */; };
		DAFD4F1A2697866A0027CC44 /* Assets.xcassets in Resources */ = {isa = PBXBuildFile; fileRef = DAFD4F192697866A0027CC44 /* Assets.xcassets */; };
		DAFD4F1D2697866A0027CC44 /* LaunchScreen.storyboard in Resources */ = {isa = PBXBuildFile; fileRef = DAFD4F1B2697866A0027CC44 /* LaunchScreen.storyboard */; };
		DAFD4F282697866A0027CC44 /* FlixsterTests.swift in Sources */ = {isa = PBXBuildFile; fileRef = DAFD4F272697866A0027CC44 /* FlixsterTests.swift */; };
		DAFD4F332697866A0027CC44 /* FlixsterUITests.swift in Sources */ = {isa = PBXBuildFile; fileRef = DAFD4F322697866A0027CC44 /* FlixsterUITests.swift */; };
		DAFD4F412697CFF60027CC44 /* MoviesViewController.swift in Sources */ = {isa = PBXBuildFile; fileRef = DAFD4F402697CFF60027CC44 /* MoviesViewController.swift */; };
		DAFD4F432697D9600027CC44 /* MovieCell.swift in Sources */ = {isa = PBXBuildFile; fileRef = DAFD4F422697D9600027CC44 /* MovieCell.swift */; };
		DAFD4F462697E1B70027CC44 /* AlamofireImage in Frameworks */ = {isa = PBXBuildFile; productRef = DAFD4F452697E1B70027CC44 /* AlamofireImage */; };
		F6EF58EC6EC65859CCE81220 /* Pods_Flixster_FlixsterUITests.framework in Frameworks */ = {isa = PBXBuildFile; fileRef = 819F3BE43D3E7072FB67B8FE /* Pods_Flixster_FlixsterUITests.framework */; };
		F95C78ADB9596F53E582FFC9 /* Pods_FlixsterTests.framework in Frameworks */ = {isa = PBXBuildFile; fileRef = 74967E6B7712243CCC009C3C /* Pods_FlixsterTests.framework */; };
/* End PBXBuildFile section */

/* Begin PBXContainerItemProxy section */
		DAFD4F242697866A0027CC44 /* PBXContainerItemProxy */ = {
			isa = PBXContainerItemProxy;
			containerPortal = DAFD4F05269786690027CC44 /* Project object */;
			proxyType = 1;
			remoteGlobalIDString = DAFD4F0C269786690027CC44;
			remoteInfo = Flixster;
		};
		DAFD4F2F2697866A0027CC44 /* PBXContainerItemProxy */ = {
			isa = PBXContainerItemProxy;
			containerPortal = DAFD4F05269786690027CC44 /* Project object */;
			proxyType = 1;
			remoteGlobalIDString = DAFD4F0C269786690027CC44;
			remoteInfo = Flixster;
		};
/* End PBXContainerItemProxy section */

/* Begin PBXFileReference section */
		0AFA98C9DD767E21090B4A6C /* Pods-FlixsterTests.debug.xcconfig */ = {isa = PBXFileReference; includeInIndex = 1; lastKnownFileType = text.xcconfig; name = "Pods-FlixsterTests.debug.xcconfig"; path = "Target Support Files/Pods-FlixsterTests/Pods-FlixsterTests.debug.xcconfig"; sourceTree = "<group>"; };
		42BD030FB883A655FE933F3C /* Pods-FlixsterTests.release.xcconfig */ = {isa = PBXFileReference; includeInIndex = 1; lastKnownFileType = text.xcconfig; name = "Pods-FlixsterTests.release.xcconfig"; path = "Target Support Files/Pods-FlixsterTests/Pods-FlixsterTests.release.xcconfig"; sourceTree = "<group>"; };
		74967E6B7712243CCC009C3C /* Pods_FlixsterTests.framework */ = {isa = PBXFileReference; explicitFileType = wrapper.framework; includeInIndex = 0; path = Pods_FlixsterTests.framework; sourceTree = BUILT_PRODUCTS_DIR; };
		819F3BE43D3E7072FB67B8FE /* Pods_Flixster_FlixsterUITests.framework */ = {isa = PBXFileReference; explicitFileType = wrapper.framework; includeInIndex = 0; path = Pods_Flixster_FlixsterUITests.framework; sourceTree = BUILT_PRODUCTS_DIR; };
		AE8175F51EBA4DECB73B011C /* Pods-Flixster-FlixsterUITests.release.xcconfig */ = {isa = PBXFileReference; includeInIndex = 1; lastKnownFileType = text.xcconfig; name = "Pods-Flixster-FlixsterUITests.release.xcconfig"; path = "Target Support Files/Pods-Flixster-FlixsterUITests/Pods-Flixster-FlixsterUITests.release.xcconfig"; sourceTree = "<group>"; };
		B656BD22D54CB9AE32C7F9A0 /* Pods-Flixster-FlixsterUITests.debug.xcconfig */ = {isa = PBXFileReference; includeInIndex = 1; lastKnownFileType = text.xcconfig; name = "Pods-Flixster-FlixsterUITests.debug.xcconfig"; path = "Target Support Files/Pods-Flixster-FlixsterUITests/Pods-Flixster-FlixsterUITests.debug.xcconfig"; sourceTree = "<group>"; };
		C3E0D7568A603110ECFCFE2A /* Pods_Flixster.framework */ = {isa = PBXFileReference; explicitFileType = wrapper.framework; includeInIndex = 0; path = Pods_Flixster.framework; sourceTree = BUILT_PRODUCTS_DIR; };
		DA33431626A4979300A9EFF6 /* MovieDetailsViewController.swift */ = {isa = PBXFileReference; lastKnownFileType = sourcecode.swift; path = MovieDetailsViewController.swift; sourceTree = "<group>"; };
		DA33431A26A4AF9300A9EFF6 /* MovieGridCell.swift */ = {isa = PBXFileReference; lastKnownFileType = sourcecode.swift; path = MovieGridCell.swift; sourceTree = "<group>"; };
		DA33431C26A4C1B200A9EFF6 /* MovieGridViewController.swift */ = {isa = PBXFileReference; lastKnownFileType = sourcecode.swift; path = MovieGridViewController.swift; sourceTree = "<group>"; };
		DAFD4F0D269786690027CC44 /* Flixster.app */ = {isa = PBXFileReference; explicitFileType = wrapper.application; includeInIndex = 0; path = Flixster.app; sourceTree = BUILT_PRODUCTS_DIR; };
		DAFD4F10269786690027CC44 /* AppDelegate.swift */ = {isa = PBXFileReference; lastKnownFileType = sourcecode.swift; path = AppDelegate.swift; sourceTree = "<group>"; };
		DAFD4F12269786690027CC44 /* SceneDelegate.swift */ = {isa = PBXFileReference; lastKnownFileType = sourcecode.swift; path = SceneDelegate.swift; sourceTree = "<group>"; };
		DAFD4F14269786690027CC44 /* ViewController.swift */ = {isa = PBXFileReference; lastKnownFileType = sourcecode.swift; path = ViewController.swift; sourceTree = "<group>"; };
		DAFD4F17269786690027CC44 /* Base */ = {isa = PBXFileReference; lastKnownFileType = file.storyboard; name = Base; path = Base.lproj/Main.storyboard; sourceTree = "<group>"; };
		DAFD4F192697866A0027CC44 /* Assets.xcassets */ = {isa = PBXFileReference; lastKnownFileType = folder.assetcatalog; path = Assets.xcassets; sourceTree = "<group>"; };
		DAFD4F1C2697866A0027CC44 /* Base */ = {isa = PBXFileReference; lastKnownFileType = file.storyboard; name = Base; path = Base.lproj/LaunchScreen.storyboard; sourceTree = "<group>"; };
		DAFD4F1E2697866A0027CC44 /* Info.plist */ = {isa = PBXFileReference; lastKnownFileType = text.plist.xml; path = Info.plist; sourceTree = "<group>"; };
		DAFD4F232697866A0027CC44 /* FlixsterTests.xctest */ = {isa = PBXFileReference; explicitFileType = wrapper.cfbundle; includeInIndex = 0; path = FlixsterTests.xctest; sourceTree = BUILT_PRODUCTS_DIR; };
		DAFD4F272697866A0027CC44 /* FlixsterTests.swift */ = {isa = PBXFileReference; lastKnownFileType = sourcecode.swift; path = FlixsterTests.swift; sourceTree = "<group>"; };
		DAFD4F292697866A0027CC44 /* Info.plist */ = {isa = PBXFileReference; lastKnownFileType = text.plist.xml; path = Info.plist; sourceTree = "<group>"; };
		DAFD4F2E2697866A0027CC44 /* FlixsterUITests.xctest */ = {isa = PBXFileReference; explicitFileType = wrapper.cfbundle; includeInIndex = 0; path = FlixsterUITests.xctest; sourceTree = BUILT_PRODUCTS_DIR; };
		DAFD4F322697866A0027CC44 /* FlixsterUITests.swift */ = {isa = PBXFileReference; lastKnownFileType = sourcecode.swift; path = FlixsterUITests.swift; sourceTree = "<group>"; };
		DAFD4F342697866A0027CC44 /* Info.plist */ = {isa = PBXFileReference; lastKnownFileType = text.plist.xml; path = Info.plist; sourceTree = "<group>"; };
		DAFD4F402697CFF60027CC44 /* MoviesViewController.swift */ = {isa = PBXFileReference; lastKnownFileType = sourcecode.swift; path = MoviesViewController.swift; sourceTree = "<group>"; };
		DAFD4F422697D9600027CC44 /* MovieCell.swift */ = {isa = PBXFileReference; lastKnownFileType = sourcecode.swift; path = MovieCell.swift; sourceTree = "<group>"; };
		EC298DB4020A9EBB7ED97596 /* Pods-Flixster.release.xcconfig */ = {isa = PBXFileReference; includeInIndex = 1; lastKnownFileType = text.xcconfig; name = "Pods-Flixster.release.xcconfig"; path = "Target Support Files/Pods-Flixster/Pods-Flixster.release.xcconfig"; sourceTree = "<group>"; };
		FA27DDAF1B8196DF00AFC5CF /* Pods-Flixster.debug.xcconfig */ = {isa = PBXFileReference; includeInIndex = 1; lastKnownFileType = text.xcconfig; name = "Pods-Flixster.debug.xcconfig"; path = "Target Support Files/Pods-Flixster/Pods-Flixster.debug.xcconfig"; sourceTree = "<group>"; };
/* End PBXFileReference section */

/* Begin PBXFrameworksBuildPhase section */
		DAFD4F0A269786690027CC44 /* Frameworks */ = {
			isa = PBXFrameworksBuildPhase;
			buildActionMask = 2147483647;
			files = (
				DAFD4F462697E1B70027CC44 /* AlamofireImage in Frameworks */,
				378705E6BC1A724D6488DB9E /* Pods_Flixster.framework in Frameworks */,
			);
			runOnlyForDeploymentPostprocessing = 0;
		};
		DAFD4F202697866A0027CC44 /* Frameworks */ = {
			isa = PBXFrameworksBuildPhase;
			buildActionMask = 2147483647;
			files = (
				F95C78ADB9596F53E582FFC9 /* Pods_FlixsterTests.framework in Frameworks */,
			);
			runOnlyForDeploymentPostprocessing = 0;
		};
		DAFD4F2B2697866A0027CC44 /* Frameworks */ = {
			isa = PBXFrameworksBuildPhase;
			buildActionMask = 2147483647;
			files = (
				F6EF58EC6EC65859CCE81220 /* Pods_Flixster_FlixsterUITests.framework in Frameworks */,
			);
			runOnlyForDeploymentPostprocessing = 0;
		};
/* End PBXFrameworksBuildPhase section */

/* Begin PBXGroup section */
		44E009E98F2C5637549AB080 /* Pods */ = {
			isa = PBXGroup;
			children = (
				FA27DDAF1B8196DF00AFC5CF /* Pods-Flixster.debug.xcconfig */,
				EC298DB4020A9EBB7ED97596 /* Pods-Flixster.release.xcconfig */,
				B656BD22D54CB9AE32C7F9A0 /* Pods-Flixster-FlixsterUITests.debug.xcconfig */,
				AE8175F51EBA4DECB73B011C /* Pods-Flixster-FlixsterUITests.release.xcconfig */,
				0AFA98C9DD767E21090B4A6C /* Pods-FlixsterTests.debug.xcconfig */,
				42BD030FB883A655FE933F3C /* Pods-FlixsterTests.release.xcconfig */,
			);
			path = Pods;
			sourceTree = "<group>";
		};
		474DB9137F77D12EC19F4CCC /* Frameworks */ = {
			isa = PBXGroup;
			children = (
				C3E0D7568A603110ECFCFE2A /* Pods_Flixster.framework */,
				819F3BE43D3E7072FB67B8FE /* Pods_Flixster_FlixsterUITests.framework */,
				74967E6B7712243CCC009C3C /* Pods_FlixsterTests.framework */,
			);
			name = Frameworks;
			sourceTree = "<group>";
		};
		DAFD4F04269786690027CC44 = {
			isa = PBXGroup;
			children = (
				DAFD4F0F269786690027CC44 /* Flixster */,
				DAFD4F262697866A0027CC44 /* FlixsterTests */,
				DAFD4F312697866A0027CC44 /* FlixsterUITests */,
				DAFD4F0E269786690027CC44 /* Products */,
				44E009E98F2C5637549AB080 /* Pods */,
				474DB9137F77D12EC19F4CCC /* Frameworks */,
			);
			sourceTree = "<group>";
		};
		DAFD4F0E269786690027CC44 /* Products */ = {
			isa = PBXGroup;
			children = (
				DAFD4F0D269786690027CC44 /* Flixster.app */,
				DAFD4F232697866A0027CC44 /* FlixsterTests.xctest */,
				DAFD4F2E2697866A0027CC44 /* FlixsterUITests.xctest */,
			);
			name = Products;
			sourceTree = "<group>";
		};
		DAFD4F0F269786690027CC44 /* Flixster */ = {
			isa = PBXGroup;
			children = (
				DAFD4F10269786690027CC44 /* AppDelegate.swift */,
				DAFD4F12269786690027CC44 /* SceneDelegate.swift */,
				DAFD4F14269786690027CC44 /* ViewController.swift */,
				DAFD4F16269786690027CC44 /* Main.storyboard */,
				DA33431626A4979300A9EFF6 /* MovieDetailsViewController.swift */,
				DAFD4F422697D9600027CC44 /* MovieCell.swift */,
				DAFD4F402697CFF60027CC44 /* MoviesViewController.swift */,
				DAFD4F192697866A0027CC44 /* Assets.xcassets */,
				DAFD4F1B2697866A0027CC44 /* LaunchScreen.storyboard */,
				DAFD4F1E2697866A0027CC44 /* Info.plist */,
				DA33431A26A4AF9300A9EFF6 /* MovieGridCell.swift */,
				DA33431C26A4C1B200A9EFF6 /* MovieGridViewController.swift */,
			);
			path = Flixster;
			sourceTree = "<group>";
		};
		DAFD4F262697866A0027CC44 /* FlixsterTests */ = {
			isa = PBXGroup;
			children = (
				DAFD4F272697866A0027CC44 /* FlixsterTests.swift */,
				DAFD4F292697866A0027CC44 /* Info.plist */,
			);
			path = FlixsterTests;
			sourceTree = "<group>";
		};
		DAFD4F312697866A0027CC44 /* FlixsterUITests */ = {
			isa = PBXGroup;
			children = (
				DAFD4F322697866A0027CC44 /* FlixsterUITests.swift */,
				DAFD4F342697866A0027CC44 /* Info.plist */,
			);
			path = FlixsterUITests;
			sourceTree = "<group>";
		};
/* End PBXGroup section */

/* Begin PBXNativeTarget section */
		DAFD4F0C269786690027CC44 /* Flixster */ = {
			isa = PBXNativeTarget;
			buildConfigurationList = DAFD4F372697866A0027CC44 /* Build configuration list for PBXNativeTarget "Flixster" */;
			buildPhases = (
				06A16EC5C86FF73F09E3B826 /* [CP] Check Pods Manifest.lock */,
				DAFD4F09269786690027CC44 /* Sources */,
				DAFD4F0A269786690027CC44 /* Frameworks */,
				DAFD4F0B269786690027CC44 /* Resources */,
				3400655AD77F3397CB226649 /* [CP] Embed Pods Frameworks */,
			);
			buildRules = (
			);
			dependencies = (
			);
			name = Flixster;
			packageProductDependencies = (
				DAFD4F452697E1B70027CC44 /* AlamofireImage */,
			);
			productName = Flixster;
			productReference = DAFD4F0D269786690027CC44 /* Flixster.app */;
			productType = "com.apple.product-type.application";
		};
		DAFD4F222697866A0027CC44 /* FlixsterTests */ = {
			isa = PBXNativeTarget;
			buildConfigurationList = DAFD4F3A2697866A0027CC44 /* Build configuration list for PBXNativeTarget "FlixsterTests" */;
			buildPhases = (
				8E3C0ACF8AAF17B42DD201EE /* [CP] Check Pods Manifest.lock */,
				DAFD4F1F2697866A0027CC44 /* Sources */,
				DAFD4F202697866A0027CC44 /* Frameworks */,
				DAFD4F212697866A0027CC44 /* Resources */,
			);
			buildRules = (
			);
			dependencies = (
				DAFD4F252697866A0027CC44 /* PBXTargetDependency */,
			);
			name = FlixsterTests;
			productName = FlixsterTests;
			productReference = DAFD4F232697866A0027CC44 /* FlixsterTests.xctest */;
			productType = "com.apple.product-type.bundle.unit-test";
		};
		DAFD4F2D2697866A0027CC44 /* FlixsterUITests */ = {
			isa = PBXNativeTarget;
			buildConfigurationList = DAFD4F3D2697866A0027CC44 /* Build configuration list for PBXNativeTarget "FlixsterUITests" */;
			buildPhases = (
				02F165B230BD69B610BBA71B /* [CP] Check Pods Manifest.lock */,
				DAFD4F2A2697866A0027CC44 /* Sources */,
				DAFD4F2B2697866A0027CC44 /* Frameworks */,
				DAFD4F2C2697866A0027CC44 /* Resources */,
				88951065F20CC6AFCA6CB459 /* [CP] Embed Pods Frameworks */,
			);
			buildRules = (
			);
			dependencies = (
				DAFD4F302697866A0027CC44 /* PBXTargetDependency */,
			);
			name = FlixsterUITests;
			productName = FlixsterUITests;
			productReference = DAFD4F2E2697866A0027CC44 /* FlixsterUITests.xctest */;
			productType = "com.apple.product-type.bundle.ui-testing";
		};
/* End PBXNativeTarget section */

/* Begin PBXProject section */
		DAFD4F05269786690027CC44 /* Project object */ = {
			isa = PBXProject;
			attributes = {
				LastSwiftUpdateCheck = 1250;
				LastUpgradeCheck = 1250;
				TargetAttributes = {
					DAFD4F0C269786690027CC44 = {
						CreatedOnToolsVersion = 12.5.1;
					};
					DAFD4F222697866A0027CC44 = {
						CreatedOnToolsVersion = 12.5.1;
						TestTargetID = DAFD4F0C269786690027CC44;
					};
					DAFD4F2D2697866A0027CC44 = {
						CreatedOnToolsVersion = 12.5.1;
						TestTargetID = DAFD4F0C269786690027CC44;
					};
				};
			};
			buildConfigurationList = DAFD4F08269786690027CC44 /* Build configuration list for PBXProject "Flixster" */;
			compatibilityVersion = "Xcode 9.3";
			developmentRegion = en;
			hasScannedForEncodings = 0;
			knownRegions = (
				en,
				Base,
			);
			mainGroup = DAFD4F04269786690027CC44;
			packageReferences = (
				DAFD4F442697E1B70027CC44 /* XCRemoteSwiftPackageReference "AlamofireImage" */,
			);
			productRefGroup = DAFD4F0E269786690027CC44 /* Products */;
			projectDirPath = "";
			projectRoot = "";
			targets = (
				DAFD4F0C269786690027CC44 /* Flixster */,
				DAFD4F222697866A0027CC44 /* FlixsterTests */,
				DAFD4F2D2697866A0027CC44 /* FlixsterUITests */,
			);
		};
/* End PBXProject section */

/* Begin PBXResourcesBuildPhase section */
		DAFD4F0B269786690027CC44 /* Resources */ = {
			isa = PBXResourcesBuildPhase;
			buildActionMask = 2147483647;
			files = (
				DAFD4F1D2697866A0027CC44 /* LaunchScreen.storyboard in Resources */,
				DAFD4F1A2697866A0027CC44 /* Assets.xcassets in Resources */,
				DAFD4F18269786690027CC44 /* Main.storyboard in Resources */,
			);
			runOnlyForDeploymentPostprocessing = 0;
		};
		DAFD4F212697866A0027CC44 /* Resources */ = {
			isa = PBXResourcesBuildPhase;
			buildActionMask = 2147483647;
			files = (
			);
			runOnlyForDeploymentPostprocessing = 0;
		};
		DAFD4F2C2697866A0027CC44 /* Resources */ = {
			isa = PBXResourcesBuildPhase;
			buildActionMask = 2147483647;
			files = (
			);
			runOnlyForDeploymentPostprocessing = 0;
		};
/* End PBXResourcesBuildPhase section */

/* Begin PBXShellScriptBuildPhase section */
		02F165B230BD69B610BBA71B /* [CP] Check Pods Manifest.lock */ = {
			isa = PBXShellScriptBuildPhase;
			buildActionMask = 2147483647;
			files = (
			);
			inputFileListPaths = (
			);
			inputPaths = (
				"${PODS_PODFILE_DIR_PATH}/Podfile.lock",
				"${PODS_ROOT}/Manifest.lock",
			);
			name = "[CP] Check Pods Manifest.lock";
			outputFileListPaths = (
			);
			outputPaths = (
				"$(DERIVED_FILE_DIR)/Pods-Flixster-FlixsterUITests-checkManifestLockResult.txt",
			);
			runOnlyForDeploymentPostprocessing = 0;
			shellPath = /bin/sh;
			shellScript = "diff \"${PODS_PODFILE_DIR_PATH}/Podfile.lock\" \"${PODS_ROOT}/Manifest.lock\" > /dev/null\nif [ $? != 0 ] ; then\n    # print error to STDERR\n    echo \"error: The sandbox is not in sync with the Podfile.lock. Run 'pod install' or update your CocoaPods installation.\" >&2\n    exit 1\nfi\n# This output is used by Xcode 'outputs' to avoid re-running this script phase.\necho \"SUCCESS\" > \"${SCRIPT_OUTPUT_FILE_0}\"\n";
			showEnvVarsInLog = 0;
		};
		06A16EC5C86FF73F09E3B826 /* [CP] Check Pods Manifest.lock */ = {
			isa = PBXShellScriptBuildPhase;
			buildActionMask = 2147483647;
			files = (
			);
			inputFileListPaths = (
			);
			inputPaths = (
				"${PODS_PODFILE_DIR_PATH}/Podfile.lock",
				"${PODS_ROOT}/Manifest.lock",
			);
			name = "[CP] Check Pods Manifest.lock";
			outputFileListPaths = (
			);
			outputPaths = (
				"$(DERIVED_FILE_DIR)/Pods-Flixster-checkManifestLockResult.txt",
			);
			runOnlyForDeploymentPostprocessing = 0;
			shellPath = /bin/sh;
			shellScript = "diff \"${PODS_PODFILE_DIR_PATH}/Podfile.lock\" \"${PODS_ROOT}/Manifest.lock\" > /dev/null\nif [ $? != 0 ] ; then\n    # print error to STDERR\n    echo \"error: The sandbox is not in sync with the Podfile.lock. Run 'pod install' or update your CocoaPods installation.\" >&2\n    exit 1\nfi\n# This output is used by Xcode 'outputs' to avoid re-running this script phase.\necho \"SUCCESS\" > \"${SCRIPT_OUTPUT_FILE_0}\"\n";
			showEnvVarsInLog = 0;
		};
		3400655AD77F3397CB226649 /* [CP] Embed Pods Frameworks */ = {
			isa = PBXShellScriptBuildPhase;
			buildActionMask = 2147483647;
			files = (
			);
			inputFileListPaths = (
				"${PODS_ROOT}/Target Support Files/Pods-Flixster/Pods-Flixster-frameworks-${CONFIGURATION}-input-files.xcfilelist",
			);
			name = "[CP] Embed Pods Frameworks";
			outputFileListPaths = (
				"${PODS_ROOT}/Target Support Files/Pods-Flixster/Pods-Flixster-frameworks-${CONFIGURATION}-output-files.xcfilelist",
			);
			runOnlyForDeploymentPostprocessing = 0;
			shellPath = /bin/sh;
			shellScript = "\"${PODS_ROOT}/Target Support Files/Pods-Flixster/Pods-Flixster-frameworks.sh\"\n";
			showEnvVarsInLog = 0;
		};
		88951065F20CC6AFCA6CB459 /* [CP] Embed Pods Frameworks */ = {
			isa = PBXShellScriptBuildPhase;
			buildActionMask = 2147483647;
			files = (
			);
			inputFileListPaths = (
				"${PODS_ROOT}/Target Support Files/Pods-Flixster-FlixsterUITests/Pods-Flixster-FlixsterUITests-frameworks-${CONFIGURATION}-input-files.xcfilelist",
			);
			name = "[CP] Embed Pods Frameworks";
			outputFileListPaths = (
				"${PODS_ROOT}/Target Support Files/Pods-Flixster-FlixsterUITests/Pods-Flixster-FlixsterUITests-frameworks-${CONFIGURATION}-output-files.xcfilelist",
			);
			runOnlyForDeploymentPostprocessing = 0;
			shellPath = /bin/sh;
			shellScript = "\"${PODS_ROOT}/Target Support Files/Pods-Flixster-FlixsterUITests/Pods-Flixster-FlixsterUITests-frameworks.sh\"\n";
			showEnvVarsInLog = 0;
		};
		8E3C0ACF8AAF17B42DD201EE /* [CP] Check Pods Manifest.lock */ = {
			isa = PBXShellScriptBuildPhase;
			buildActionMask = 2147483647;
			files = (
			);
			inputFileListPaths = (
			);
			inputPaths = (
				"${PODS_PODFILE_DIR_PATH}/Podfile.lock",
				"${PODS_ROOT}/Manifest.lock",
			);
			name = "[CP] Check Pods Manifest.lock";
			outputFileListPaths = (
			);
			outputPaths = (
				"$(DERIVED_FILE_DIR)/Pods-FlixsterTests-checkManifestLockResult.txt",
			);
			runOnlyForDeploymentPostprocessing = 0;
			shellPath = /bin/sh;
			shellScript = "diff \"${PODS_PODFILE_DIR_PATH}/Podfile.lock\" \"${PODS_ROOT}/Manifest.lock\" > /dev/null\nif [ $? != 0 ] ; then\n    # print error to STDERR\n    echo \"error: The sandbox is not in sync with the Podfile.lock. Run 'pod install' or update your CocoaPods installation.\" >&2\n    exit 1\nfi\n# This output is used by Xcode 'outputs' to avoid re-running this script phase.\necho \"SUCCESS\" > \"${SCRIPT_OUTPUT_FILE_0}\"\n";
			showEnvVarsInLog = 0;
		};
/* End PBXShellScriptBuildPhase section */

/* Begin PBXSourcesBuildPhase section */
		DAFD4F09269786690027CC44 /* Sources */ = {
			isa = PBXSourcesBuildPhase;
			buildActionMask = 2147483647;
			files = (
				DAFD4F15269786690027CC44 /* ViewController.swift in Sources */,
				DAFD4F11269786690027CC44 /* AppDelegate.swift in Sources */,
				DA33431726A4979300A9EFF6 /* MovieDetailsViewController.swift in Sources */,
				DAFD4F13269786690027CC44 /* SceneDelegate.swift in Sources */,
				DA33431B26A4AF9300A9EFF6 /* MovieGridCell.swift in Sources */,
				DA33431D26A4C1B200A9EFF6 /* MovieGridViewController.swift in Sources */,
				DAFD4F432697D9600027CC44 /* MovieCell.swift in Sources */,
				DAFD4F412697CFF60027CC44 /* MoviesViewController.swift in Sources */,
			);
			runOnlyForDeploymentPostprocessing = 0;
		};
		DAFD4F1F2697866A0027CC44 /* Sources */ = {
			isa = PBXSourcesBuildPhase;
			buildActionMask = 2147483647;
			files = (
				DAFD4F282697866A0027CC44 /* FlixsterTests.swift in Sources */,
			);
			runOnlyForDeploymentPostprocessing = 0;
		};
		DAFD4F2A2697866A0027CC44 /* Sources */ = {
			isa = PBXSourcesBuildPhase;
			buildActionMask = 2147483647;
			files = (
				DAFD4F332697866A0027CC44 /* FlixsterUITests.swift in Sources */,
			);
			runOnlyForDeploymentPostprocessing = 0;
		};
/* End PBXSourcesBuildPhase section */

/* Begin PBXTargetDependency section */
		DAFD4F252697866A0027CC44 /* PBXTargetDependency */ = {
			isa = PBXTargetDependency;
			target = DAFD4F0C269786690027CC44 /* Flixster */;
			targetProxy = DAFD4F242697866A0027CC44 /* PBXContainerItemProxy */;
		};
		DAFD4F302697866A0027CC44 /* PBXTargetDependency */ = {
			isa = PBXTargetDependency;
			target = DAFD4F0C269786690027CC44 /* Flixster */;
			targetProxy = DAFD4F2F2697866A0027CC44 /* PBXContainerItemProxy */;
		};
/* End PBXTargetDependency section */

/* Begin PBXVariantGroup section */
		DAFD4F16269786690027CC44 /* Main.storyboard */ = {
			isa = PBXVariantGroup;
			children = (
				DAFD4F17269786690027CC44 /* Base */,
			);
			name = Main.storyboard;
			sourceTree = "<group>";
		};
		DAFD4F1B2697866A0027CC44 /* LaunchScreen.storyboard */ = {
			isa = PBXVariantGroup;
			children = (
				DAFD4F1C2697866A0027CC44 /* Base */,
			);
			name = LaunchScreen.storyboard;
			sourceTree = "<group>";
		};
/* End PBXVariantGroup section */

/* Begin XCBuildConfiguration section */
		DAFD4F352697866A0027CC44 /* Debug */ = {
			isa = XCBuildConfiguration;
			buildSettings = {
				ALWAYS_SEARCH_USER_PATHS = NO;
				CLANG_ANALYZER_NONNULL = YES;
				CLANG_ANALYZER_NUMBER_OBJECT_CONVERSION = YES_AGGRESSIVE;
				CLANG_CXX_LANGUAGE_STANDARD = "gnu++14";
				CLANG_CXX_LIBRARY = "libc++";
				CLANG_ENABLE_MODULES = YES;
				CLANG_ENABLE_OBJC_ARC = YES;
				CLANG_ENABLE_OBJC_WEAK = YES;
				CLANG_WARN_BLOCK_CAPTURE_AUTORELEASING = YES;
				CLANG_WARN_BOOL_CONVERSION = YES;
				CLANG_WARN_COMMA = YES;
				CLANG_WARN_CONSTANT_CONVERSION = YES;
				CLANG_WARN_DEPRECATED_OBJC_IMPLEMENTATIONS = YES;
				CLANG_WARN_DIRECT_OBJC_ISA_USAGE = YES_ERROR;
				CLANG_WARN_DOCUMENTATION_COMMENTS = YES;
				CLANG_WARN_EMPTY_BODY = YES;
				CLANG_WARN_ENUM_CONVERSION = YES;
				CLANG_WARN_INFINITE_RECURSION = YES;
				CLANG_WARN_INT_CONVERSION = YES;
				CLANG_WARN_NON_LITERAL_NULL_CONVERSION = YES;
				CLANG_WARN_OBJC_IMPLICIT_RETAIN_SELF = YES;
				CLANG_WARN_OBJC_LITERAL_CONVERSION = YES;
				CLANG_WARN_OBJC_ROOT_CLASS = YES_ERROR;
				CLANG_WARN_QUOTED_INCLUDE_IN_FRAMEWORK_HEADER = YES;
				CLANG_WARN_RANGE_LOOP_ANALYSIS = YES;
				CLANG_WARN_STRICT_PROTOTYPES = YES;
				CLANG_WARN_SUSPICIOUS_MOVE = YES;
				CLANG_WARN_UNGUARDED_AVAILABILITY = YES_AGGRESSIVE;
				CLANG_WARN_UNREACHABLE_CODE = YES;
				CLANG_WARN__DUPLICATE_METHOD_MATCH = YES;
				COPY_PHASE_STRIP = NO;
				DEBUG_INFORMATION_FORMAT = dwarf;
				ENABLE_STRICT_OBJC_MSGSEND = YES;
				ENABLE_TESTABILITY = YES;
				GCC_C_LANGUAGE_STANDARD = gnu11;
				GCC_DYNAMIC_NO_PIC = NO;
				GCC_NO_COMMON_BLOCKS = YES;
				GCC_OPTIMIZATION_LEVEL = 0;
				GCC_PREPROCESSOR_DEFINITIONS = (
					"DEBUG=1",
					"$(inherited)",
				);
				GCC_WARN_64_TO_32_BIT_CONVERSION = YES;
				GCC_WARN_ABOUT_RETURN_TYPE = YES_ERROR;
				GCC_WARN_UNDECLARED_SELECTOR = YES;
				GCC_WARN_UNINITIALIZED_AUTOS = YES_AGGRESSIVE;
				GCC_WARN_UNUSED_FUNCTION = YES;
				GCC_WARN_UNUSED_VARIABLE = YES;
				IPHONEOS_DEPLOYMENT_TARGET = 14.5;
				MTL_ENABLE_DEBUG_INFO = INCLUDE_SOURCE;
				MTL_FAST_MATH = YES;
				ONLY_ACTIVE_ARCH = YES;
				SDKROOT = iphoneos;
				SWIFT_ACTIVE_COMPILATION_CONDITIONS = DEBUG;
				SWIFT_OPTIMIZATION_LEVEL = "-Onone";
			};
			name = Debug;
		};
		DAFD4F362697866A0027CC44 /* Release */ = {
			isa = XCBuildConfiguration;
			buildSettings = {
				ALWAYS_SEARCH_USER_PATHS = NO;
				CLANG_ANALYZER_NONNULL = YES;
				CLANG_ANALYZER_NUMBER_OBJECT_CONVERSION = YES_AGGRESSIVE;
				CLANG_CXX_LANGUAGE_STANDARD = "gnu++14";
				CLANG_CXX_LIBRARY = "libc++";
				CLANG_ENABLE_MODULES = YES;
				CLANG_ENABLE_OBJC_ARC = YES;
				CLANG_ENABLE_OBJC_WEAK = YES;
				CLANG_WARN_BLOCK_CAPTURE_AUTORELEASING = YES;
				CLANG_WARN_BOOL_CONVERSION = YES;
				CLANG_WARN_COMMA = YES;
				CLANG_WARN_CONSTANT_CONVERSION = YES;
				CLANG_WARN_DEPRECATED_OBJC_IMPLEMENTATIONS = YES;
				CLANG_WARN_DIRECT_OBJC_ISA_USAGE = YES_ERROR;
				CLANG_WARN_DOCUMENTATION_COMMENTS = YES;
				CLANG_WARN_EMPTY_BODY = YES;
				CLANG_WARN_ENUM_CONVERSION = YES;
				CLANG_WARN_INFINITE_RECURSION = YES;
				CLANG_WARN_INT_CONVERSION = YES;
				CLANG_WARN_NON_LITERAL_NULL_CONVERSION = YES;
				CLANG_WARN_OBJC_IMPLICIT_RETAIN_SELF = YES;
				CLANG_WARN_OBJC_LITERAL_CONVERSION = YES;
				CLANG_WARN_OBJC_ROOT_CLASS = YES_ERROR;
				CLANG_WARN_QUOTED_INCLUDE_IN_FRAMEWORK_HEADER = YES;
				CLANG_WARN_RANGE_LOOP_ANALYSIS = YES;
				CLANG_WARN_STRICT_PROTOTYPES = YES;
				CLANG_WARN_SUSPICIOUS_MOVE = YES;
				CLANG_WARN_UNGUARDED_AVAILABILITY = YES_AGGRESSIVE;
				CLANG_WARN_UNREACHABLE_CODE = YES;
				CLANG_WARN__DUPLICATE_METHOD_MATCH = YES;
				COPY_PHASE_STRIP = NO;
				DEBUG_INFORMATION_FORMAT = "dwarf-with-dsym";
				ENABLE_NS_ASSERTIONS = NO;
				ENABLE_STRICT_OBJC_MSGSEND = YES;
				GCC_C_LANGUAGE_STANDARD = gnu11;
				GCC_NO_COMMON_BLOCKS = YES;
				GCC_WARN_64_TO_32_BIT_CONVERSION = YES;
				GCC_WARN_ABOUT_RETURN_TYPE = YES_ERROR;
				GCC_WARN_UNDECLARED_SELECTOR = YES;
				GCC_WARN_UNINITIALIZED_AUTOS = YES_AGGRESSIVE;
				GCC_WARN_UNUSED_FUNCTION = YES;
				GCC_WARN_UNUSED_VARIABLE = YES;
				IPHONEOS_DEPLOYMENT_TARGET = 14.5;
				MTL_ENABLE_DEBUG_INFO = NO;
				MTL_FAST_MATH = YES;
				SDKROOT = iphoneos;
				SWIFT_COMPILATION_MODE = wholemodule;
				SWIFT_OPTIMIZATION_LEVEL = "-O";
				VALIDATE_PRODUCT = YES;
			};
			name = Release;
		};
		DAFD4F382697866A0027CC44 /* Debug */ = {
			isa = XCBuildConfiguration;
			baseConfigurationReference = FA27DDAF1B8196DF00AFC5CF /* Pods-Flixster.debug.xcconfig */;
			buildSettings = {
				ASSETCATALOG_COMPILER_APPICON_NAME = AppIcon;
				ASSETCATALOG_COMPILER_GLOBAL_ACCENT_COLOR_NAME = AccentColor;
				CODE_SIGN_STYLE = Automatic;
				INFOPLIST_FILE = Flixster/Info.plist;
				LD_RUNPATH_SEARCH_PATHS = (
					"$(inherited)",
					"@executable_path/Frameworks",
				);
				PRODUCT_BUNDLE_IDENTIFIER = isaacjperez.Flixster;
				PRODUCT_NAME = "$(TARGET_NAME)";
				SWIFT_VERSION = 5.0;
				TARGETED_DEVICE_FAMILY = "1,2";
			};
			name = Debug;
		};
		DAFD4F392697866A0027CC44 /* Release */ = {
			isa = XCBuildConfiguration;
			baseConfigurationReference = EC298DB4020A9EBB7ED97596 /* Pods-Flixster.release.xcconfig */;
			buildSettings = {
				ASSETCATALOG_COMPILER_APPICON_NAME = AppIcon;
				ASSETCATALOG_COMPILER_GLOBAL_ACCENT_COLOR_NAME = AccentColor;
				CODE_SIGN_STYLE = Automatic;
				INFOPLIST_FILE = Flixster/Info.plist;
				LD_RUNPATH_SEARCH_PATHS = (
					"$(inherited)",
					"@executable_path/Frameworks",
				);
				PRODUCT_BUNDLE_IDENTIFIER = isaacjperez.Flixster;
				PRODUCT_NAME = "$(TARGET_NAME)";
				SWIFT_VERSION = 5.0;
				TARGETED_DEVICE_FAMILY = "1,2";
			};
			name = Release;
		};
		DAFD4F3B2697866A0027CC44 /* Debug */ = {
			isa = XCBuildConfiguration;
			baseConfigurationReference = 0AFA98C9DD767E21090B4A6C /* Pods-FlixsterTests.debug.xcconfig */;
			buildSettings = {
				ALWAYS_EMBED_SWIFT_STANDARD_LIBRARIES = YES;
				BUNDLE_LOADER = "$(TEST_HOST)";
				CODE_SIGN_STYLE = Automatic;
				INFOPLIST_FILE = FlixsterTests/Info.plist;
				IPHONEOS_DEPLOYMENT_TARGET = 14.5;
				LD_RUNPATH_SEARCH_PATHS = (
					"$(inherited)",
					"@executable_path/Frameworks",
					"@loader_path/Frameworks",
				);
				PRODUCT_BUNDLE_IDENTIFIER = isaacjperez.FlixsterTests;
				PRODUCT_NAME = "$(TARGET_NAME)";
				SWIFT_VERSION = 5.0;
				TARGETED_DEVICE_FAMILY = "1,2";
				TEST_HOST = "$(BUILT_PRODUCTS_DIR)/Flixster.app/Flixster";
			};
			name = Debug;
		};
		DAFD4F3C2697866A0027CC44 /* Release */ = {
			isa = XCBuildConfiguration;
			baseConfigurationReference = 42BD030FB883A655FE933F3C /* Pods-FlixsterTests.release.xcconfig */;
			buildSettings = {
				ALWAYS_EMBED_SWIFT_STANDARD_LIBRARIES = YES;
				BUNDLE_LOADER = "$(TEST_HOST)";
				CODE_SIGN_STYLE = Automatic;
				INFOPLIST_FILE = FlixsterTests/Info.plist;
				IPHONEOS_DEPLOYMENT_TARGET = 14.5;
				LD_RUNPATH_SEARCH_PATHS = (
					"$(inherited)",
					"@executable_path/Frameworks",
					"@loader_path/Frameworks",
				);
				PRODUCT_BUNDLE_IDENTIFIER = isaacjperez.FlixsterTests;
				PRODUCT_NAME = "$(TARGET_NAME)";
				SWIFT_VERSION = 5.0;
				TARGETED_DEVICE_FAMILY = "1,2";
				TEST_HOST = "$(BUILT_PRODUCTS_DIR)/Flixster.app/Flixster";
			};
			name = Release;
		};
		DAFD4F3E2697866A0027CC44 /* Debug */ = {
			isa = XCBuildConfiguration;
			baseConfigurationReference = B656BD22D54CB9AE32C7F9A0 /* Pods-Flixster-FlixsterUITests.debug.xcconfig */;
			buildSettings = {
				ALWAYS_EMBED_SWIFT_STANDARD_LIBRARIES = YES;
				CODE_SIGN_STYLE = Automatic;
				INFOPLIST_FILE = FlixsterUITests/Info.plist;
				LD_RUNPATH_SEARCH_PATHS = (
					"$(inherited)",
					"@executable_path/Frameworks",
					"@loader_path/Frameworks",
				);
				PRODUCT_BUNDLE_IDENTIFIER = isaacjperez.FlixsterUITests;
				PRODUCT_NAME = "$(TARGET_NAME)";
				SWIFT_VERSION = 5.0;
				TARGETED_DEVICE_FAMILY = "1,2";
				TEST_TARGET_NAME = Flixster;
			};
			name = Debug;
		};
		DAFD4F3F2697866A0027CC44 /* Release */ = {
			isa = XCBuildConfiguration;
			baseConfigurationReference = AE8175F51EBA4DECB73B011C /* Pods-Flixster-FlixsterUITests.release.xcconfig */;
			buildSettings = {
				ALWAYS_EMBED_SWIFT_STANDARD_LIBRARIES = YES;
				CODE_SIGN_STYLE = Automatic;
				INFOPLIST_FILE = FlixsterUITests/Info.plist;
				LD_RUNPATH_SEARCH_PATHS = (
					"$(inherited)",
					"@executable_path/Frameworks",
					"@loader_path/Frameworks",
				);
				PRODUCT_BUNDLE_IDENTIFIER = isaacjperez.FlixsterUITests;
				PRODUCT_NAME = "$(TARGET_NAME)";
				SWIFT_VERSION = 5.0;
				TARGETED_DEVICE_FAMILY = "1,2";
				TEST_TARGET_NAME = Flixster;
			};
			name = Release;
		};
/* End XCBuildConfiguration section */

/* Begin XCConfigurationList section */
		DAFD4F08269786690027CC44 /* Build configuration list for PBXProject "Flixster" */ = {
			isa = XCConfigurationList;
			buildConfigurations = (
				DAFD4F352697866A0027CC44 /* Debug */,
				DAFD4F362697866A0027CC44 /* Release */,
			);
			defaultConfigurationIsVisible = 0;
			defaultConfigurationName = Release;
		};
		DAFD4F372697866A0027CC44 /* Build configuration list for PBXNativeTarget "Flixster" */ = {
			isa = XCConfigurationList;
			buildConfigurations = (
				DAFD4F382697866A0027CC44 /* Debug */,
				DAFD4F392697866A0027CC44 /* Release */,
			);
			defaultConfigurationIsVisible = 0;
			defaultConfigurationName = Release;
		};
		DAFD4F3A2697866A0027CC44 /* Build configuration list for PBXNativeTarget "FlixsterTests" */ = {
			isa = XCConfigurationList;
			buildConfigurations = (
				DAFD4F3B2697866A0027CC44 /* Debug */,
				DAFD4F3C2697866A0027CC44 /* Release */,
			);
			defaultConfigurationIsVisible = 0;
			defaultConfigurationName = Release;
		};
		DAFD4F3D2697866A0027CC44 /* Build configuration list for PBXNativeTarget "FlixsterUITests" */ = {
			isa = XCConfigurationList;
			buildConfigurations = (
				DAFD4F3E2697866A0027CC44 /* Debug */,
				DAFD4F3F2697866A0027CC44 /* Release */,
			);
			defaultConfigurationIsVisible = 0;
			defaultConfigurationName = Release;
		};
/* End XCConfigurationList section */

/* Begin XCRemoteSwiftPackageReference section */
		DAFD4F442697E1B70027CC44 /* XCRemoteSwiftPackageReference "AlamofireImage" */ = {
			isa = XCRemoteSwiftPackageReference;
			repositoryURL = "https://github.com/Alamofire/AlamofireImage";
			requirement = {
				kind = upToNextMajorVersion;
				minimumVersion = 4.2.0;
			};
		};
/* End XCRemoteSwiftPackageReference section */

/* Begin XCSwiftPackageProductDependency section */
		DAFD4F452697E1B70027CC44 /* AlamofireImage */ = {
			isa = XCSwiftPackageProductDependency;
			package = DAFD4F442697E1B70027CC44 /* XCRemoteSwiftPackageReference "AlamofireImage" */;
			productName = AlamofireImage;
		};
/* End XCSwiftPackageProductDependency section */
	};
	rootObject = DAFD4F05269786690027CC44 /* Project object */;
}
